
Microsoft Visual Studio Solution File, Format Version 12.00
Project("{FAE04EC0-301F-11D3-BF4B-00C04F79EFBC}") = "CodePlayground", "CodePlayground\CodePlayground.csproj", "{27617153-DB7B-4AFF-A67D-642F6692CD64}"
EndProject
Project("{FAE04EC0-301F-11D3-BF4B-00C04F79EFBC}") = "Tests", "Tests\Tests.csproj", "{4350ADA6-09E7-4B5D-806A-C109DEE7D122}"
EndProject
Global
	GlobalSection(SolutionConfigurationPlatforms) = preSolution
		Debug|Any CPU = Debug|Any CPU
		Release|Any CPU = Release|Any CPU
	EndGlobalSection
	GlobalSection(ProjectConfigurationPlatforms) = postSolution
		{27617153-DB7B-4AFF-A67D-642F6692CD64}.Debug|Any CPU.ActiveCfg = Debug|Any CPU
		{27617153-DB7B-4AFF-A67D-642F6692CD64}.Debug|Any CPU.Build.0 = Debug|Any CPU
		{27617153-DB7B-4AFF-A67D-642F6692CD64}.Release|Any CPU.ActiveCfg = Release|Any CPU
		{27617153-DB7B-4AFF-A67D-642F6692CD64}.Release|Any CPU.Build.0 = Release|Any CPU
		{4350ADA6-09E7-4B5D-806A-C109DEE7D122}.Debug|Any CPU.ActiveCfg = Debug|Any CPU
		{4350ADA6-09E7-4B5D-806A-C109DEE7D122}.Debug|Any CPU.Build.0 = Debug|Any CPU
		{4350ADA6-09E7-4B5D-806A-C109DEE7D122}.Release|Any CPU.ActiveCfg = Release|Any CPU
		{4350ADA6-09E7-4B5D-806A-C109DEE7D122}.Release|Any CPU.Build.0 = Release|Any CPU
	EndGlobalSection
EndGlobal
